
Microsoft Visual Studio Solution File, Format Version 12.00
# Visual Studio 15
VisualStudioVersion = 15.0.26730.12
MinimumVisualStudioVersion = 10.0.40219.1
Project("{9092AA53-FB77-4645-B42D-1CCCA6BD08BD}") = "W3CertificateManagement", "W3CertificateManagement\W3CertificateManagement.njsproj", "{78EF92E6-E462-4BAF-95F4-77678E4E7820}"
EndProject
Global
	GlobalSection(SolutionConfigurationPlatforms) = preSolution
		Debug|Any CPU = Debug|Any CPU
		Release|Any CPU = Release|Any CPU
	EndGlobalSection
	GlobalSection(ProjectConfigurationPlatforms) = postSolution
		{78EF92E6-E462-4BAF-95F4-77678E4E7820}.Debug|Any CPU.ActiveCfg = Debug|Any CPU
		{78EF92E6-E462-4BAF-95F4-77678E4E7820}.Debug|Any CPU.Build.0 = Debug|Any CPU
		{78EF92E6-E462-4BAF-95F4-77678E4E7820}.Release|Any CPU.ActiveCfg = Release|Any CPU
		{78EF92E6-E462-4BAF-95F4-77678E4E7820}.Release|Any CPU.Build.0 = Release|Any CPU
	EndGlobalSection
	GlobalSection(SolutionProperties) = preSolution
		HideSolutionNode = FALSE
	EndGlobalSection
	GlobalSection(ExtensibilityGlobals) = postSolution
		SolutionGuid = {EAA3883A-B94B-4742-9F75-98080EA9BF96}
	EndGlobalSection
EndGlobal
